
Microsoft Visual Studio Solution File, Format Version 12.00
# Visual Studio Version 17
VisualStudioVersion = 17.4.33110.190
MinimumVisualStudioVersion = 10.0.40219.1
Project("{FAE04EC0-301F-11D3-BF4B-00C04F79EFBC}") = "SuperMarket.Core", "SuperMarket.Core\SuperMarket.Core.csproj", "{64D225A4-3EC5-444C-8558-1891CA359787}"
EndProject
Project("{FAE04EC0-301F-11D3-BF4B-00C04F79EFBC}") = "SuperMarket.Entities", "SuperMarket.Entities\SuperMarket.Entities.csproj", "{B04AA5B6-A22B-44FC-ACFB-2E8E78135E16}"
EndProject
Project("{FAE04EC0-301F-11D3-BF4B-00C04F79EFBC}") = "SuperMarket.DataAccess", "SuperMarket.DataAccess\SuperMarket.DataAccess.csproj", "{2C2D9594-8E42-40E2-BF7D-1DACC0DAA128}"
EndProject
Project("{FAE04EC0-301F-11D3-BF4B-00C04F79EFBC}") = "SuperMarket.Business", "SuperMarket.Business\SuperMarket.Business.csproj", "{F7A02E28-A1C5-430E-AC28-A49922168308}"
EndProject
Project("{FAE04EC0-301F-11D3-BF4B-00C04F79EFBC}") = "SuperMarket.API", "SuperMarket.API\SuperMarket.API.csproj", "{9DBBEC0A-B802-4A26-B4FD-9F36407EBF83}"
EndProject
Global
	GlobalSection(SolutionConfigurationPlatforms) = preSolution
		Debug|Any CPU = Debug|Any CPU
		Release|Any CPU = Release|Any CPU
	EndGlobalSection
	GlobalSection(ProjectConfigurationPlatforms) = postSolution
		{64D225A4-3EC5-444C-8558-1891CA359787}.Debug|Any CPU.ActiveCfg = Debug|Any CPU
		{64D225A4-3EC5-444C-8558-1891CA359787}.Debug|Any CPU.Build.0 = Debug|Any CPU
		{64D225A4-3EC5-444C-8558-1891CA359787}.Release|Any CPU.ActiveCfg = Release|Any CPU
		{64D225A4-3EC5-444C-8558-1891CA359787}.Release|Any CPU.Build.0 = Release|Any CPU
		{B04AA5B6-A22B-44FC-ACFB-2E8E78135E16}.Debug|Any CPU.ActiveCfg = Debug|Any CPU
		{B04AA5B6-A22B-44FC-ACFB-2E8E78135E16}.Debug|Any CPU.Build.0 = Debug|Any CPU
		{B04AA5B6-A22B-44FC-ACFB-2E8E78135E16}.Release|Any CPU.ActiveCfg = Release|Any CPU
		{B04AA5B6-A22B-44FC-ACFB-2E8E78135E16}.Release|Any CPU.Build.0 = Release|Any CPU
		{2C2D9594-8E42-40E2-BF7D-1DACC0DAA128}.Debug|Any CPU.ActiveCfg = Debug|Any CPU
		{2C2D9594-8E42-40E2-BF7D-1DACC0DAA128}.Debug|Any CPU.Build.0 = Debug|Any CPU
		{2C2D9594-8E42-40E2-BF7D-1DACC0DAA128}.Release|Any CPU.ActiveCfg = Release|Any CPU
		{2C2D9594-8E42-40E2-BF7D-1DACC0DAA128}.Release|Any CPU.Build.0 = Release|Any CPU
		{F7A02E28-A1C5-430E-AC28-A49922168308}.Debug|Any CPU.ActiveCfg = Debug|Any CPU
		{F7A02E28-A1C5-430E-AC28-A49922168308}.Debug|Any CPU.Build.0 = Debug|Any CPU
		{F7A02E28-A1C5-430E-AC28-A49922168308}.Release|Any CPU.ActiveCfg = Release|Any CPU
		{F7A02E28-A1C5-430E-AC28-A49922168308}.Release|Any CPU.Build.0 = Release|Any CPU
		{9DBBEC0A-B802-4A26-B4FD-9F36407EBF83}.Debug|Any CPU.ActiveCfg = Debug|Any CPU
		{9DBBEC0A-B802-4A26-B4FD-9F36407EBF83}.Debug|Any CPU.Build.0 = Debug|Any CPU
		{9DBBEC0A-B802-4A26-B4FD-9F36407EBF83}.Release|Any CPU.ActiveCfg = Release|Any CPU
		{9DBBEC0A-B802-4A26-B4FD-9F36407EBF83}.Release|Any CPU.Build.0 = Release|Any CPU
	EndGlobalSection
	GlobalSection(SolutionProperties) = preSolution
		HideSolutionNode = FALSE
	EndGlobalSection
	GlobalSection(ExtensibilityGlobals) = postSolution
		SolutionGuid = {8D065999-6119-4E8B-9B42-16FB5E3A9163}
	EndGlobalSection
EndGlobal
